
Microsoft Visual Studio Solution File, Format Version 12.00
# Visual Studio Version 16
VisualStudioVersion = 16.0.31702.278
MinimumVisualStudioVersion = 10.0.40219.1
Project("{FAE04EC0-301F-11D3-BF4B-00C04F79EFBC}") = "UI", "UI\UI.csproj", "{073105FD-0D51-4ABF-9725-C65F56887D1F}"
EndProject
Project("{FAE04EC0-301F-11D3-BF4B-00C04F79EFBC}") = "Logic", "Logic\Logic.csproj", "{73415EBA-1EB5-4B56-A468-B5D7B9403FA6}"
EndProject
Global
	GlobalSection(SolutionConfigurationPlatforms) = preSolution
		Debug|Any CPU = Debug|Any CPU
		Release|Any CPU = Release|Any CPU
	EndGlobalSection
	GlobalSection(ProjectConfigurationPlatforms) = postSolution
		{073105FD-0D51-4ABF-9725-C65F56887D1F}.Debug|Any CPU.ActiveCfg = Debug|Any CPU
		{073105FD-0D51-4ABF-9725-C65F56887D1F}.Debug|Any CPU.Build.0 = Debug|Any CPU
		{073105FD-0D51-4ABF-9725-C65F56887D1F}.Release|Any CPU.ActiveCfg = Release|Any CPU
		{073105FD-0D51-4ABF-9725-C65F56887D1F}.Release|Any CPU.Build.0 = Release|Any CPU
		{73415EBA-1EB5-4B56-A468-B5D7B9403FA6}.Debug|Any CPU.ActiveCfg = Debug|Any CPU
		{73415EBA-1EB5-4B56-A468-B5D7B9403FA6}.Debug|Any CPU.Build.0 = Debug|Any CPU
		{73415EBA-1EB5-4B56-A468-B5D7B9403FA6}.Release|Any CPU.ActiveCfg = Release|Any CPU
		{73415EBA-1EB5-4B56-A468-B5D7B9403FA6}.Release|Any CPU.Build.0 = Release|Any CPU
	EndGlobalSection
	GlobalSection(SolutionProperties) = preSolution
		HideSolutionNode = FALSE
	EndGlobalSection
	GlobalSection(ExtensibilityGlobals) = postSolution
		SolutionGuid = {8A9534F7-0B4A-4BB9-A431-5DD37CC0F06B}
	EndGlobalSection
EndGlobal
